Microsoft Visual Studio Solution File, Format Version 12.00
# Visual Studio Version 17
VisualStudioVersion = 17.5.2.0
MinimumVisualStudioVersion = 10.0.40219.1
Project("{FAE04EC0-301F-11D3-BF4B-00C04F79EFBC}") = "AbstractDemo", "AbstractDemo\AbstractDemo.csproj", "{432381F5-E93F-9DEE-4EA6-D03700043F69}"
EndProject
Project("{FAE04EC0-301F-11D3-BF4B-00C04F79EFBC}") = "InheritanceDemo", "InheritanceDemo\InheritanceDemo.csproj", "{A3648F6E-F30D-F7B0-0DDF-D3D89350BFAC}"
EndProject
Project("{FAE04EC0-301F-11D3-BF4B-00C04F79EFBC}") = "InterfaceDemo", "InterfaceDemo\InterfaceDemo.csproj", "{0FD2BFA9-F8FA-56EE-2B6E-603F53DBF54F}"
EndProject
Global
	GlobalSection(SolutionConfigurationPlatforms) = preSolution
		Debug|Any CPU = Debug|Any CPU
		Release|Any CPU = Release|Any CPU
	EndGlobalSection
	GlobalSection(ProjectConfigurationPlatforms) = postSolution
		{432381F5-E93F-9DEE-4EA6-D03700043F69}.Debug|Any CPU.ActiveCfg = Debug|Any CPU
		{432381F5-E93F-9DEE-4EA6-D03700043F69}.Debug|Any CPU.Build.0 = Debug|Any CPU
		{432381F5-E93F-9DEE-4EA6-D03700043F69}.Release|Any CPU.ActiveCfg = Release|Any CPU
		{432381F5-E93F-9DEE-4EA6-D03700043F69}.Release|Any CPU.Build.0 = Release|Any CPU
		{A3648F6E-F30D-F7B0-0DDF-D3D89350BFAC}.Debug|Any CPU.ActiveCfg = Debug|Any CPU
		{A3648F6E-F30D-F7B0-0DDF-D3D89350BFAC}.Debug|Any CPU.Build.0 = Debug|Any CPU
		{A3648F6E-F30D-F7B0-0DDF-D3D89350BFAC}.Release|Any CPU.ActiveCfg = Release|Any CPU
		{A3648F6E-F30D-F7B0-0DDF-D3D89350BFAC}.Release|Any CPU.Build.0 = Release|Any CPU
		{0FD2BFA9-F8FA-56EE-2B6E-603F53DBF54F}.Debug|Any CPU.ActiveCfg = Debug|Any CPU
		{0FD2BFA9-F8FA-56EE-2B6E-603F53DBF54F}.Debug|Any CPU.Build.0 = Debug|Any CPU
		{0FD2BFA9-F8FA-56EE-2B6E-603F53DBF54F}.Release|Any CPU.ActiveCfg = Release|Any CPU
		{0FD2BFA9-F8FA-56EE-2B6E-603F53DBF54F}.Release|Any CPU.Build.0 = Release|Any CPU
	EndGlobalSection
	GlobalSection(SolutionProperties) = preSolution
		HideSolutionNode = FALSE
	EndGlobalSection
	GlobalSection(ExtensibilityGlobals) = postSolution
		SolutionGuid = {AF7C4751-C487-4AE7-8211-535D03D685FC}
	EndGlobalSection
EndGlobal
